
Microsoft Visual Studio Solution File, Format Version 12.00
# Visual Studio Version 17
VisualStudioVersion = 17.14.36518.9 d17.14
MinimumVisualStudioVersion = 10.0.40219.1
Project("{FAE04EC0-301F-11D3-BF4B-00C04F79EFBC}") = "StrategyPattern-AuthMechanism-Assignment1", "StrategyPattern-AuthMechanism-Assignment1\StrategyPattern-AuthMechanism-Assignment1.csproj", "{8356F0CF-29C5-4D2F-9A2C-ADBD92BD9335}"
EndProject
Global
	GlobalSection(SolutionConfigurationPlatforms) = preSolution
		Debug|Any CPU = Debug|Any CPU
		Release|Any CPU = Release|Any CPU
	EndGlobalSection
	GlobalSection(ProjectConfigurationPlatforms) = postSolution
		{8356F0CF-29C5-4D2F-9A2C-ADBD92BD9335}.Debug|Any CPU.ActiveCfg = Debug|Any CPU
		{8356F0CF-29C5-4D2F-9A2C-ADBD92BD9335}.Debug|Any CPU.Build.0 = Debug|Any CPU
		{8356F0CF-29C5-4D2F-9A2C-ADBD92BD9335}.Release|Any CPU.ActiveCfg = Release|Any CPU
		{8356F0CF-29C5-4D2F-9A2C-ADBD92BD9335}.Release|Any CPU.Build.0 = Release|Any CPU
	EndGlobalSection
	GlobalSection(SolutionProperties) = preSolution
		HideSolutionNode = FALSE
	EndGlobalSection
	GlobalSection(ExtensibilityGlobals) = postSolution
		SolutionGuid = {F786947D-CCDC-4952-BD9B-400D83E72415}
	EndGlobalSection
EndGlobal
